// !$*UTF8*$!
{
	archiveVersion = 1;
	classes = {
	};
	objectVersion = 46;
	objects = {

/* Begin PBXBuildFile section */
		66CA6F1A1F3EE72B0098F020 /* AppDelegate.m in Sources */ = {isa = PBXBuildFile; fileRef = 66CA6F191F3EE72B0098F020 /* AppDelegate.m */; };
		66CA6F1D1F3EE72B0098F020 /* main.m in Sources */ = {isa = PBXBuildFile; fileRef = 66CA6F1C1F3EE72B0098F020 /* main.m */; };
		66CA6F201F3EE72B0098F020 /* ViewController.m in Sources */ = {isa = PBXBuildFile; fileRef = 66CA6F1F1F3EE72B0098F020 /* ViewController.m */; };
		66CA6F221F3EE72B0098F020 /* Assets.xcassets in Resources */ = {isa = PBXBuildFile; fileRef = 66CA6F211F3EE72B0098F020 /* Assets.xcassets */; };
		66CA6F251F3EE72B0098F020 /* Main.storyboard in Resources */ = {isa = PBXBuildFile; fileRef = 66CA6F231F3EE72B0098F020 /* Main.storyboard */; };
		66CA6F2F1F3EE8320098F020 /* THNAbandonedImageFinder.m in Sources */ = {isa = PBXBuildFile; fileRef = 66CA6F2E1F3EE8320098F020 /* THNAbandonedImageFinder.m */; };
		66CA6F321F3EEC430098F020 /* THNAbandonedImageFinder+MyProject.m in Sources */ = {isa = PBXBuildFile; fileRef = 66CA6F311F3EEC430098F020 /* THNAbandonedImageFinder+MyProject.m */; };
		66CA6F351F3EF0610098F020 /* THNFinderUtility.m in Sources */ = {isa = PBXBuildFile; fileRef = 66CA6F341F3EF0610098F020 /* THNFinderUtility.m */; };
/* End PBXBuildFile section */

/* Begin PBXFileReference section */
		66CA6F151F3EE72B0098F020 /* THNAbandonedImageFinder.app */ = {isa = PBXFileReference; explicitFileType = wrapper.application; includeInIndex = 0; path = THNAbandonedImageFinder.app; sourceTree = BUILT_PRODUCTS_DIR; };
		66CA6F181F3EE72B0098F020 /* AppDelegate.h */ = {isa = PBXFileReference; lastKnownFileType = sourcecode.c.h; path = AppDelegate.h; sourceTree = "<group>"; };
		66CA6F191F3EE72B0098F020 /* AppDelegate.m */ = {isa = PBXFileReference; lastKnownFileType = sourcecode.c.objc; path = AppDelegate.m; sourceTree = "<group>"; };
		66CA6F1C1F3EE72B0098F020 /* main.m */ = {isa = PBXFileReference; lastKnownFileType = sourcecode.c.objc; path = main.m; sourceTree = "<group>"; };
		66CA6F1E1F3EE72B0098F020 /* ViewController.h */ = {isa = PBXFileReference; lastKnownFileType = sourcecode.c.h; path = ViewController.h; sourceTree = "<group>"; };
		66CA6F1F1F3EE72B0098F020 /* ViewController.m */ = {isa = PBXFileReference; lastKnownFileType = sourcecode.c.objc; path = ViewController.m; sourceTree = "<group>"; };
		66CA6F211F3EE72B0098F020 /* Assets.xcassets */ = {isa = PBXFileReference; lastKnownFileType = folder.assetcatalog; path = Assets.xcassets; sourceTree = "<group>"; };
		66CA6F241F3EE72B0098F020 /* Base */ = {isa = PBXFileReference; lastKnownFileType = file.storyboard; name = Base; path = Base.lproj/Main.storyboard; sourceTree = "<group>"; };
		66CA6F261F3EE72B0098F020 /* Info.plist */ = {isa = PBXFileReference; lastKnownFileType = text.plist.xml; path = Info.plist; sourceTree = "<group>"; };
		66CA6F2D1F3EE8320098F020 /* THNAbandonedImageFinder.h */ = {isa = PBXFileReference; fileEncoding = 4; lastKnownFileType = sourcecode.c.h; path = THNAbandonedImageFinder.h; sourceTree = "<group>"; };
		66CA6F2E1F3EE8320098F020 /* THNAbandonedImageFinder.m */ = {isa = PBXFileReference; fileEncoding = 4; lastKnownFileType = sourcecode.c.objc; path = THNAbandonedImageFinder.m; sourceTree = "<group>"; };
		66CA6F301F3EEC430098F020 /* THNAbandonedImageFinder+MyProject.h */ = {isa = PBXFileReference; fileEncoding = 4; lastKnownFileType = sourcecode.c.h; path = "THNAbandonedImageFinder+MyProject.h"; sourceTree = "<group>"; };
		66CA6F311F3EEC430098F020 /* THNAbandonedImageFinder+MyProject.m */ = {isa = PBXFileReference; fileEncoding = 4; lastKnownFileType = sourcecode.c.objc; path = "THNAbandonedImageFinder+MyProject.m"; sourceTree = "<group>"; };
		66CA6F331F3EF0610098F020 /* THNFinderUtility.h */ = {isa = PBXFileReference; fileEncoding = 4; lastKnownFileType = sourcecode.c.h; path = THNFinderUtility.h; sourceTree = "<group>"; };
		66CA6F341F3EF0610098F020 /* THNFinderUtility.m */ = {isa = PBXFileReference; fileEncoding = 4; lastKnownFileType = sourcecode.c.objc; path = THNFinderUtility.m; sourceTree = "<group>"; };
/* End PBXFileReference section */

/* Begin PBXFrameworksBuildPhase section */
		66CA6F121F3EE72B0098F020 /* Frameworks */ = {
			isa = PBXFrameworksBuildPhase;
			buildActionMask = 2147483647;
			files = (
			);
			runOnlyForDeploymentPostprocessing = 0;
		};
/* End PBXFrameworksBuildPhase section */

/* Begin PBXGroup section */
		66CA6F0C1F3EE72B0098F020 = {
			isa = PBXGroup;
			children = (
				66CA6F171F3EE72B0098F020 /* THNAbandonedImageFinder */,
				66CA6F161F3EE72B0098F020 /* Products */,
			);
			sourceTree = "<group>";
		};
		66CA6F161F3EE72B0098F020 /* Products */ = {
			isa = PBXGroup;
			children = (
				66CA6F151F3EE72B0098F020 /* THNAbandonedImageFinder.app */,
			);
			name = Products;
			sourceTree = "<group>";
		};
		66CA6F171F3EE72B0098F020 /* THNAbandonedImageFinder */ = {
			isa = PBXGroup;
			children = (
				66CA6F2C1F3EE81E0098F020 /* SRC */,
				66CA6F181F3EE72B0098F020 /* AppDelegate.h */,
				66CA6F191F3EE72B0098F020 /* AppDelegate.m */,
				66CA6F1E1F3EE72B0098F020 /* ViewController.h */,
				66CA6F1F1F3EE72B0098F020 /* ViewController.m */,
				66CA6F211F3EE72B0098F020 /* Assets.xcassets */,
				66CA6F231F3EE72B0098F020 /* Main.storyboard */,
				66CA6F261F3EE72B0098F020 /* Info.plist */,
				66CA6F1B1F3EE72B0098F020 /* Supporting Files */,
			);
			path = THNAbandonedImageFinder;
			sourceTree = "<group>";
		};
		66CA6F1B1F3EE72B0098F020 /* Supporting Files */ = {
			isa = PBXGroup;
			children = (
				66CA6F1C1F3EE72B0098F020 /* main.m */,
			);
			name = "Supporting Files";
			sourceTree = "<group>";
		};
		66CA6F2C1F3EE81E0098F020 /* SRC */ = {
			isa = PBXGroup;
			children = (
				66CA6F2D1F3EE8320098F020 /* THNAbandonedImageFinder.h */,
				66CA6F2E1F3EE8320098F020 /* THNAbandonedImageFinder.m */,
				66CA6F301F3EEC430098F020 /* THNAbandonedImageFinder+MyProject.h */,
				66CA6F311F3EEC430098F020 /* THNAbandonedImageFinder+MyProject.m */,
				66CA6F331F3EF0610098F020 /* THNFinderUtility.h */,
				66CA6F341F3EF0610098F020 /* THNFinderUtility.m */,
			);
			path = SRC;
			sourceTree = "<group>";
		};
/* End PBXGroup section */

/* Begin PBXNativeTarget section */
		66CA6F141F3EE72B0098F020 /* THNAbandonedImageFinder */ = {
			isa = PBXNativeTarget;
			buildConfigurationList = 66CA6F291F3EE72B0098F020 /* Build configuration list for PBXNativeTarget "THNAbandonedImageFinder" */;
			buildPhases = (
				66CA6F111F3EE72B0098F020 /* Sources */,
				66CA6F121F3EE72B0098F020 /* Frameworks */,
				66CA6F131F3EE72B0098F020 /* Resources */,
			);
			buildRules = (
			);
			dependencies = (
			);
			name = THNAbandonedImageFinder;
			productName = THNAbandonedImageFinder;
			productReference = 66CA6F151F3EE72B0098F020 /* THNAbandonedImageFinder.app */;
			productType = "com.apple.product-type.application";
		};
/* End PBXNativeTarget section */

/* Begin PBXProject section */
		66CA6F0D1F3EE72B0098F020 /* Project object */ = {
			isa = PBXProject;
			attributes = {
				LastUpgradeCheck = 0830;
				ORGANIZATIONNAME = h;
				TargetAttributes = {
					66CA6F141F3EE72B0098F020 = {
						CreatedOnToolsVersion = 8.3.3;
						DevelopmentTeam = 6L487DE3GB;
						ProvisioningStyle = Automatic;
					};
				};
			};
			buildConfigurationList = 66CA6F101F3EE72B0098F020 /* Build configuration list for PBXProject "THNAbandonedImageFinder" */;
			compatibilityVersion = "Xcode 3.2";
			developmentRegion = English;
			hasScannedForEncodings = 0;
			knownRegions = (
				en,
				Base,
			);
			mainGroup = 66CA6F0C1F3EE72B0098F020;
			productRefGroup = 66CA6F161F3EE72B0098F020 /* Products */;
			projectDirPath = "";
			projectRoot = "";
			targets = (
				66CA6F141F3EE72B0098F020 /* THNAbandonedImageFinder */,
			);
		};
/* End PBXProject section */

/* Begin PBXResourcesBuildPhase section */
		66CA6F131F3EE72B0098F020 /* Resources */ = {
			isa = PBXResourcesBuildPhase;
			buildActionMask = 2147483647;
			files = (
				66CA6F221F3EE72B0098F020 /* Assets.xcassets in Resources */,
				66CA6F251F3EE72B0098F020 /* Main.storyboard in Resources */,
			);
			runOnlyForDeploymentPostprocessing = 0;
		};
/* End PBXResourcesBuildPhase section */

/* Begin PBXSourcesBuildPhase section */
		66CA6F111F3EE72B0098F020 /* Sources */ = {
			isa = PBXSourcesBuildPhase;
			buildActionMask = 2147483647;
			files = (
				66CA6F201F3EE72B0098F020 /* ViewController.m in Sources */,
				66CA6F2F1F3EE8320098F020 /* THNAbandonedImageFinder.m in Sources */,
				66CA6F321F3EEC430098F020 /* THNAbandonedImageFinder+MyProject.m in Sources */,
				66CA6F1D1F3EE72B0098F020 /* main.m in Sources */,
				66CA6F1A1F3EE72B0098F020 /* AppDelegate.m in Sources */,
				66CA6F351F3EF0610098F020 /* THNFinderUtility.m in Sources */,
			);
			runOnlyForDeploymentPostprocessing = 0;
		};
/* End PBXSourcesBuildPhase section */

/* Begin PBXVariantGroup section */
		66CA6F231F3EE72B0098F020 /* Main.storyboard */ = {
			isa = PBXVariantGroup;
			children = (
				66CA6F241F3EE72B0098F020 /* Base */,
			);
			name = Main.storyboard;
			sourceTree = "<group>";
		};
/* End PBXVariantGroup section */

/* Begin XCBuildConfiguration section */
		66CA6F271F3EE72B0098F020 /* Debug */ = {
			isa = XCBuildConfiguration;
			buildSettings = {
				ALWAYS_SEARCH_USER_PATHS = NO;
				CLANG_ANALYZER_NONNULL = YES;
				CLANG_ANALYZER_NUMBER_OBJECT_CONVERSION = YES_AGGRESSIVE;
				CLANG_CXX_LANGUAGE_STANDARD = "gnu++0x";
				CLANG_CXX_LIBRARY = "libc++";
				CLANG_ENABLE_MODULES = YES;
				CLANG_ENABLE_OBJC_ARC = YES;
				CLANG_WARN_BOOL_CONVERSION = YES;
				CLANG_WARN_CONSTANT_CONVERSION = YES;
				CLANG_WARN_DIRECT_OBJC_ISA_USAGE = YES_ERROR;
				CLANG_WARN_DOCUMENTATION_COMMENTS = YES;
				CLANG_WARN_EMPTY_BODY = YES;
				CLANG_WARN_ENUM_CONVERSION = YES;
				CLANG_WARN_INFINITE_RECURSION = YES;
				CLANG_WARN_INT_CONVERSION = YES;
				CLANG_WARN_OBJC_ROOT_CLASS = YES_ERROR;
				CLANG_WARN_SUSPICIOUS_MOVE = YES;
				CLANG_WARN_UNREACHABLE_CODE = YES;
				CLANG_WARN__DUPLICATE_METHOD_MATCH = YES;
				CODE_SIGN_IDENTITY = "-";
				COPY_PHASE_STRIP = NO;
				DEBUG_INFORMATION_FORMAT = dwarf;
				ENABLE_STRICT_OBJC_MSGSEND = YES;
				ENABLE_TESTABILITY = YES;
				GCC_C_LANGUAGE_STANDARD = gnu99;
				GCC_DYNAMIC_NO_PIC = NO;
				GCC_NO_COMMON_BLOCKS = YES;
				GCC_OPTIMIZATION_LEVEL = 0;
				GCC_PREPROCESSOR_DEFINITIONS = (
					"DEBUG=1",
					"$(inherited)",
				);
				GCC_WARN_64_TO_32_BIT_CONVERSION = YES;
				GCC_WARN_ABOUT_RETURN_TYPE = YES_ERROR;
				GCC_WARN_UNDECLARED_SELECTOR = YES;
				GCC_WARN_UNINITIALIZED_AUTOS = YES_AGGRESSIVE;
				GCC_WARN_UNUSED_FUNCTION = YES;
				GCC_WARN_UNUSED_VARIABLE = YES;
				MACOSX_DEPLOYMENT_TARGET = 10.12;
				MTL_ENABLE_DEBUG_INFO = YES;
				ONLY_ACTIVE_ARCH = YES;
				SDKROOT = macosx;
			};
			name = Debug;
		};
		66CA6F281F3EE72B0098F020 /* Release */ = {
			isa = XCBuildConfiguration;
			buildSettings = {
				ALWAYS_SEARCH_USER_PATHS = NO;
				CLANG_ANALYZER_NONNULL = YES;
				CLANG_ANALYZER_NUMBER_OBJECT_CONVERSION = YES_AGGRESSIVE;
				CLANG_CXX_LANGUAGE_STANDARD = "gnu++0x";
				CLANG_CXX_LIBRARY = "libc++";
				CLANG_ENABLE_MODULES = YES;
				CLANG_ENABLE_OBJC_ARC = YES;
				CLANG_WARN_BOOL_CONVERSION = YES;
				CLANG_WARN_CONSTANT_CONVERSION = YES;
				CLANG_WARN_DIRECT_OBJC_ISA_USAGE = YES_ERROR;
				CLANG_WARN_DOCUMENTATION_COMMENTS = YES;
				CLANG_WARN_EMPTY_BODY = YES;
				CLANG_WARN_ENUM_CONVERSION = YES;
				CLANG_WARN_INFINITE_RECURSION = YES;
				CLANG_WARN_INT_CONVERSION = YES;
				CLANG_WARN_OBJC_ROOT_CLASS = YES_ERROR;
				CLANG_WARN_SUSPICIOUS_MOVE = YES;
				CLANG_WARN_UNREACHABLE_CODE = YES;
				CLANG_WARN__DUPLICATE_METHOD_MATCH = YES;
				CODE_SIGN_IDENTITY = "-";
				COPY_PHASE_STRIP = NO;
				DEBUG_INFORMATION_FORMAT = "dwarf-with-dsym";
				ENABLE_NS_ASSERTIONS = NO;
				ENABLE_STRICT_OBJC_MSGSEND = YES;
				GCC_C_LANGUAGE_STANDARD = gnu99;
				GCC_NO_COMMON_BLOCKS = YES;
				GCC_WARN_64_TO_32_BIT_CONVERSION = YES;
				GCC_WARN_ABOUT_RETURN_TYPE = YES_ERROR;
				GCC_WARN_UNDECLARED_SELECTOR = YES;
				GCC_WARN_UNINITIALIZED_AUTOS = YES_AGGRESSIVE;
				GCC_WARN_UNUSED_FUNCTION = YES;
				GCC_WARN_UNUSED_VARIABLE = YES;
				MACOSX_DEPLOYMENT_TARGET = 10.12;
				MTL_ENABLE_DEBUG_INFO = NO;
				SDKROOT = macosx;
			};
			name = Release;
		};
		66CA6F2A1F3EE72B0098F020 /* Debug */ = {
			isa = XCBuildConfiguration;
			buildSettings = {
				ASSETCATALOG_COMPILER_APPICON_NAME = AppIcon;
				COMBINE_HIDPI_IMAGES = YES;
				DEVELOPMENT_TEAM = 6L487DE3GB;
				INFOPLIST_FILE = THNAbandonedImageFinder/Info.plist;
				LD_RUNPATH_SEARCH_PATHS = "$(inherited) @executable_path/../Frameworks";
				PRODUCT_BUNDLE_IDENTIFIER = h.THNAbandonedImageFinder;
				PRODUCT_NAME = "$(TARGET_NAME)";
			};
			name = Debug;
		};
		66CA6F2B1F3EE72B0098F020 /* Release */ = {
			isa = XCBuildConfiguration;
			buildSettings = {
				ASSETCATALOG_COMPILER_APPICON_NAME = AppIcon;
				COMBINE_HIDPI_IMAGES = YES;
				DEVELOPMENT_TEAM = 6L487DE3GB;
				INFOPLIST_FILE = THNAbandonedImageFinder/Info.plist;
				LD_RUNPATH_SEARCH_PATHS = "$(inherited) @executable_path/../Frameworks";
				PRODUCT_BUNDLE_IDENTIFIER = h.THNAbandonedImageFinder;
				PRODUCT_NAME = "$(TARGET_NAME)";
			};
			name = Release;
		};
/* End XCBuildConfiguration section */

/* Begin XCConfigurationList section */
		66CA6F101F3EE72B0098F020 /* Build configuration list for PBXProject "THNAbandonedImageFinder" */ = {
			isa = XCConfigurationList;
			buildConfigurations = (
				66CA6F271F3EE72B0098F020 /* Debug */,
				66CA6F281F3EE72B0098F020 /* Release */,
			);
			defaultConfigurationIsVisible = 0;
			defaultConfigurationName = Release;
		};
		66CA6F291F3EE72B0098F020 /* Build configuration list for PBXNativeTarget "THNAbandonedImageFinder" */ = {
			isa = XCConfigurationList;
			buildConfigurations = (
				66CA6F2A1F3EE72B0098F020 /* Debug */,
				66CA6F2B1F3EE72B0098F020 /* Release */,
			);
			defaultConfigurationIsVisible = 0;
			defaultConfigurationName = Release;
		};
/* End XCConfigurationList section */
	};
	rootObject = 66CA6F0D1F3EE72B0098F020 /* Project object */;
}
